{
    "name": "react-di-consumer-react19",
    "version": "0.0.0",
    "lockfileVersion": 3,
    "requires": true,
    "packages": {
        "": {
            "name": "react-di-consumer-react19",
            "version": "0.0.0",
            "dependencies": {
                "@remodulo/container": "file:../.tarballs/remodulo-container.tgz",
                "@remodulo/react": "file:../.tarballs/remodulo-react.tgz",
                "react": "^19.0.0"
            },
            "devDependencies": {
                "@types/react": "^19.0.0",
                "typescript": "^5.9.3"
            }
        },
        "node_modules/@luminelabs/react-toolkit": {
            "version": "0.1.1",
            "license": "MIT",
            "dependencies": {
                "@luminelabs/toolkit": "^0.1.1",
                "es-toolkit": "1.49.0"
            },
            "peerDependencies": {
                "@floating-ui/react": ">=0.26.0",
                "react": "^18.0.0 || ^19.0.0"
            },
            "peerDependenciesMeta": {
                "@floating-ui/react": {
                    "optional": true
                }
            }
        },
        "node_modules/@luminelabs/toolkit": {
            "version": "0.1.1",
            "license": "MIT",
            "dependencies": {
                "es-toolkit": "1.49.0"
            }
        },
        "node_modules/@remodulo/container": {
            "version": "0.3.0",
            "resolved": "file:../.tarballs/remodulo-container.tgz",
            "integrity": "sha512-9CfwIbaPyMkb87C9LItfABbhw8XbpREy96OulPl2YtCKS2Muxdf4GGWcdWn/OMuMjWa7YWSGhzBHWsReilr/fQ==",
            "license": "MIT",
            "engines": {
                "node": ">=18"
            }
        },
        "node_modules/@remodulo/react": {
            "version": "0.12.1",
            "resolved": "file:../.tarballs/remodulo-react.tgz",
            "integrity": "sha512-ciw/2X7qbLms6TeJHfPJzpVEEfHLEmZvSd7vuZ+Axe0IykJHzpprzYFVoHw9E/z85DuFisGYVAYItGBJRRdijw==",
            "license": "MIT",
            "dependencies": {
                "@luminelabs/react-toolkit": "^0.1.1",
                "@luminelabs/toolkit": "^0.1.1"
            },
            "engines": {
                "node": ">=18"
            },
            "peerDependencies": {
                "@remodulo/container": "^0.3.0",
                "react": "^18.0.0 || ^19.0.0"
            }
        },
        "node_modules/@types/react": {
            "version": "19.2.18",
            "dev": true,
            "license": "MIT",
            "dependencies": {
                "csstype": "^3.2.2"
            }
        },
        "node_modules/csstype": {
            "version": "3.2.3",
            "dev": true,
            "license": "MIT"
        },
        "node_modules/es-toolkit": {
            "version": "1.49.0",
            "license": "MIT",
            "workspaces": [
                "docs",
                "benchmarks"
            ]
        },
        "node_modules/react": {
            "version": "19.2.8",
            "license": "MIT",
            "engines": {
                "node": ">=0.10.0"
            }
        },
        "node_modules/typescript": {
            "version": "5.9.3",
            "dev": true,
            "license": "Apache-2.0",
            "bin": {
                "tsc": "bin/tsc",
                "tsserver": "bin/tsserver"
            },
            "engines": {
                "node": ">=14.17"
            }
        }
    }
}
